
Microsoft Visual Studio Solution File, Format Version 12.00
# Visual Studio Version 16
VisualStudioVersion = 16.0.31005.135
MinimumVisualStudioVersion = 10.0.40219.1
Project("{FAE04EC0-301F-11D3-BF4B-00C04F79EFBC}") = "Test Task", "Test Task for Веселый водовоз\Test Task.csproj", "{0887E10D-A56B-4192-A51F-0D56D4F9C979}"
EndProject
Project("{FAE04EC0-301F-11D3-BF4B-00C04F79EFBC}") = "TestConsole", "TestConsole\TestConsole.csproj", "{922CF51F-2F9E-4747-892F-C273AB08397B}"
EndProject
Global
	GlobalSection(SolutionConfigurationPlatforms) = preSolution
		Debug|Any CPU = Debug|Any CPU
		Release|Any CPU = Release|Any CPU
	EndGlobalSection
	GlobalSection(ProjectConfigurationPlatforms) = postSolution
		{0887E10D-A56B-4192-A51F-0D56D4F9C979}.Debug|Any CPU.ActiveCfg = Debug|Any CPU
		{0887E10D-A56B-4192-A51F-0D56D4F9C979}.Debug|Any CPU.Build.0 = Debug|Any CPU
		{0887E10D-A56B-4192-A51F-0D56D4F9C979}.Release|Any CPU.ActiveCfg = Release|Any CPU
		{0887E10D-A56B-4192-A51F-0D56D4F9C979}.Release|Any CPU.Build.0 = Release|Any CPU
		{922CF51F-2F9E-4747-892F-C273AB08397B}.Debug|Any CPU.ActiveCfg = Debug|Any CPU
		{922CF51F-2F9E-4747-892F-C273AB08397B}.Debug|Any CPU.Build.0 = Debug|Any CPU
		{922CF51F-2F9E-4747-892F-C273AB08397B}.Release|Any CPU.ActiveCfg = Release|Any CPU
		{922CF51F-2F9E-4747-892F-C273AB08397B}.Release|Any CPU.Build.0 = Release|Any CPU
	EndGlobalSection
	GlobalSection(SolutionProperties) = preSolution
		HideSolutionNode = FALSE
	EndGlobalSection
	GlobalSection(ExtensibilityGlobals) = postSolution
		SolutionGuid = {33675C5D-88DA-4234-B4F8-E3EC32CD75A0}
	EndGlobalSection
EndGlobal
